
Microsoft Visual Studio Solution File, Format Version 12.00
# Visual Studio Version 17
VisualStudioVersion = 17.8.34330.188
MinimumVisualStudioVersion = 10.0.40219.1
Project("{2150E333-8FDC-42A3-9474-1A3956D46DE8}") = "Services", "Services", "{533BC192-596C-4480-8065-CA38A4BBE11A}"
EndProject
Project("{2150E333-8FDC-42A3-9474-1A3956D46DE8}") = "Staff", "Staff", "{9221231B-9795-4D54-9968-6E5E096F0DE8}"
EndProject
Project("{FAE04EC0-301F-11D3-BF4B-00C04F79EFBC}") = "Staff.API", "Services\Staff\Staff.API\Staff.API.csproj", "{2050AFB8-03D1-4EF9-99C5-62A294632DAF}"
EndProject
Project("{FAE04EC0-301F-11D3-BF4B-00C04F79EFBC}") = "Staff.Application", "Services\Staff\Staff.Application\Staff.Application.csproj", "{FC4B3CE5-2FBF-4F02-818C-7F0931F2AC9D}"
EndProject
Project("{FAE04EC0-301F-11D3-BF4B-00C04F79EFBC}") = "Staff.Domain", "Services\Staff\Staff.Domain\Staff.Domain.csproj", "{1B54070D-B3FD-4B27-A8B5-A8D87753995C}"
EndProject
Project("{FAE04EC0-301F-11D3-BF4B-00C04F79EFBC}") = "Staff.Infrastructure", "Services\Staff\Staff.Infrastructure\Staff.Infrastructure.csproj", "{9C84FFFB-754A-4912-B690-71CE871AB254}"
EndProject
Global
	GlobalSection(SolutionConfigurationPlatforms) = preSolution
		Debug|Any CPU = Debug|Any CPU
		Release|Any CPU = Release|Any CPU
	EndGlobalSection
	GlobalSection(ProjectConfigurationPlatforms) = postSolution
		{2050AFB8-03D1-4EF9-99C5-62A294632DAF}.Debug|Any CPU.ActiveCfg = Debug|Any CPU
		{2050AFB8-03D1-4EF9-99C5-62A294632DAF}.Debug|Any CPU.Build.0 = Debug|Any CPU
		{2050AFB8-03D1-4EF9-99C5-62A294632DAF}.Release|Any CPU.ActiveCfg = Release|Any CPU
		{2050AFB8-03D1-4EF9-99C5-62A294632DAF}.Release|Any CPU.Build.0 = Release|Any CPU
		{FC4B3CE5-2FBF-4F02-818C-7F0931F2AC9D}.Debug|Any CPU.ActiveCfg = Debug|Any CPU
		{FC4B3CE5-2FBF-4F02-818C-7F0931F2AC9D}.Debug|Any CPU.Build.0 = Debug|Any CPU
		{FC4B3CE5-2FBF-4F02-818C-7F0931F2AC9D}.Release|Any CPU.ActiveCfg = Release|Any CPU
		{FC4B3CE5-2FBF-4F02-818C-7F0931F2AC9D}.Release|Any CPU.Build.0 = Release|Any CPU
		{1B54070D-B3FD-4B27-A8B5-A8D87753995C}.Debug|Any CPU.ActiveCfg = Debug|Any CPU
		{1B54070D-B3FD-4B27-A8B5-A8D87753995C}.Debug|Any CPU.Build.0 = Debug|Any CPU
		{1B54070D-B3FD-4B27-A8B5-A8D87753995C}.Release|Any CPU.ActiveCfg = Release|Any CPU
		{1B54070D-B3FD-4B27-A8B5-A8D87753995C}.Release|Any CPU.Build.0 = Release|Any CPU
		{9C84FFFB-754A-4912-B690-71CE871AB254}.Debug|Any CPU.ActiveCfg = Debug|Any CPU
		{9C84FFFB-754A-4912-B690-71CE871AB254}.Debug|Any CPU.Build.0 = Debug|Any CPU
		{9C84FFFB-754A-4912-B690-71CE871AB254}.Release|Any CPU.ActiveCfg = Release|Any CPU
		{9C84FFFB-754A-4912-B690-71CE871AB254}.Release|Any CPU.Build.0 = Release|Any CPU
	EndGlobalSection
	GlobalSection(SolutionProperties) = preSolution
		HideSolutionNode = FALSE
	EndGlobalSection
	GlobalSection(NestedProjects) = preSolution
		{9221231B-9795-4D54-9968-6E5E096F0DE8} = {533BC192-596C-4480-8065-CA38A4BBE11A}
		{2050AFB8-03D1-4EF9-99C5-62A294632DAF} = {9221231B-9795-4D54-9968-6E5E096F0DE8}
		{FC4B3CE5-2FBF-4F02-818C-7F0931F2AC9D} = {9221231B-9795-4D54-9968-6E5E096F0DE8}
		{1B54070D-B3FD-4B27-A8B5-A8D87753995C} = {9221231B-9795-4D54-9968-6E5E096F0DE8}
		{9C84FFFB-754A-4912-B690-71CE871AB254} = {9221231B-9795-4D54-9968-6E5E096F0DE8}
	EndGlobalSection
	GlobalSection(ExtensibilityGlobals) = postSolution
		SolutionGuid = {E51860B5-B039-41B2-8497-5E1D26AF6AA3}
	EndGlobalSection
EndGlobal
